
Microsoft Visual Studio Solution File, Format Version 12.00
# Visual Studio Version 16
VisualStudioVersion = 25.0.1704.1
MinimumVisualStudioVersion = 10.0.40219.1
Project("{2150E333-8FDC-42A3-9474-1A3956D46DE8}") = "FrontEnd", "FrontEnd", "{CA4C1FB7-F7B9-4B6F-8807-8801A7A2A119}"
EndProject
Project("{2150E333-8FDC-42A3-9474-1A3956D46DE8}") = "Services", "Services", "{2A1A34A2-F9CD-432A-8043-B5A34FB50F4B}"
EndProject
Project("{FAE04EC0-301F-11D3-BF4B-00C04F79EFBC}") = "GeekShopping.Web", "GeekShopping.Web\GeekShopping.Web.csproj", "{85534CA5-4B12-45FC-BFC5-D00752E31366}"
EndProject
Global
	GlobalSection(SolutionConfigurationPlatforms) = preSolution
		Debug|Any CPU = Debug|Any CPU
		Release|Any CPU = Release|Any CPU
	EndGlobalSection
	GlobalSection(ProjectConfigurationPlatforms) = postSolution
		{85534CA5-4B12-45FC-BFC5-D00752E31366}.Debug|Any CPU.ActiveCfg = Debug|Any CPU
		{85534CA5-4B12-45FC-BFC5-D00752E31366}.Debug|Any CPU.Build.0 = Debug|Any CPU
		{85534CA5-4B12-45FC-BFC5-D00752E31366}.Release|Any CPU.ActiveCfg = Release|Any CPU
		{85534CA5-4B12-45FC-BFC5-D00752E31366}.Release|Any CPU.Build.0 = Release|Any CPU
	EndGlobalSection
	GlobalSection(SolutionProperties) = preSolution
		HideSolutionNode = FALSE
	EndGlobalSection
	GlobalSection(ExtensibilityGlobals) = postSolution
		SolutionGuid = {8CA533F6-8EFB-43BC-B9A0-4F1BDF3E0741}
	EndGlobalSection
	GlobalSection(NestedProjects) = preSolution
		{85534CA5-4B12-45FC-BFC5-D00752E31366} = {CA4C1FB7-F7B9-4B6F-8807-8801A7A2A119}
	EndGlobalSection
EndGlobal
